// !$*UTF8*$!
{
	archiveVersion = 1;
	classes = {
	};
	objectVersion = 50;
	objects = {

/* Begin PBXBuildFile section */
		807B3183265A9D5D00F63953 /* InterfacePrototypingApp.swift in Sources */ = {isa = PBXBuildFile; fileRef = 807B3182265A9D5D00F63953 /* InterfacePrototypingApp.swift */; };
		807B3185265A9D5D00F63953 /* IPrototypeDocView.swift in Sources */ = {isa = PBXBuildFile; fileRef = 807B3184265A9D5D00F63953 /* IPrototypeDocView.swift */; };
		807B3187265A9D6200F63953 /* Assets.xcassets in Resources */ = {isa = PBXBuildFile; fileRef = 807B3186265A9D6200F63953 /* Assets.xcassets */; };
		807B318A265A9D6200F63953 /* Preview Assets.xcassets in Resources */ = {isa = PBXBuildFile; fileRef = 807B3189265A9D6200F63953 /* Preview Assets.xcassets */; };
		807B3195265A9E6700F63953 /* IPrototypeDoc.swift in Sources */ = {isa = PBXBuildFile; fileRef = 807B3194265A9E6700F63953 /* IPrototypeDoc.swift */; };
		807B3199265AA76F00F63953 /* String.swift in Sources */ = {isa = PBXBuildFile; fileRef = 807B3198265AA76F00F63953 /* String.swift */; };
		807B319C265AB58600F63953 /* Prototype.swift in Sources */ = {isa = PBXBuildFile; fileRef = 807B319B265AB58600F63953 /* Prototype.swift */; };
/* End PBXBuildFile section */

/* Begin PBXFileReference section */
		807B317F265A9D5D00F63953 /* InterfacePrototyping.app */ = {isa = PBXFileReference; explicitFileType = wrapper.application; includeInIndex = 0; path = InterfacePrototyping.app; sourceTree = BUILT_PRODUCTS_DIR; };
		807B3182265A9D5D00F63953 /* InterfacePrototypingApp.swift */ = {isa = PBXFileReference; lastKnownFileType = sourcecode.swift; path = InterfacePrototypingApp.swift; sourceTree = "<group>"; };
		807B3184265A9D5D00F63953 /* IPrototypeDocView.swift */ = {isa = PBXFileReference; lastKnownFileType = sourcecode.swift; path = IPrototypeDocView.swift; sourceTree = "<group>"; };
		807B3186265A9D6200F63953 /* Assets.xcassets */ = {isa = PBXFileReference; lastKnownFileType = folder.assetcatalog; path = Assets.xcassets; sourceTree = "<group>"; };
		807B3189265A9D6200F63953 /* Preview Assets.xcassets */ = {isa = PBXFileReference; lastKnownFileType = folder.assetcatalog; path = "Preview Assets.xcassets"; sourceTree = "<group>"; };
		807B318B265A9D6200F63953 /* Info.plist */ = {isa = PBXFileReference; lastKnownFileType = text.plist.xml; path = Info.plist; sourceTree = "<group>"; };
		807B3194265A9E6700F63953 /* IPrototypeDoc.swift */ = {isa = PBXFileReference; lastKnownFileType = sourcecode.swift; path = IPrototypeDoc.swift; sourceTree = "<group>"; };
		807B3198265AA76F00F63953 /* String.swift */ = {isa = PBXFileReference; lastKnownFileType = sourcecode.swift; path = String.swift; sourceTree = "<group>"; };
		807B319B265AB58600F63953 /* Prototype.swift */ = {isa = PBXFileReference; lastKnownFileType = sourcecode.swift; path = Prototype.swift; sourceTree = "<group>"; };
/* End PBXFileReference section */

/* Begin PBXFrameworksBuildPhase section */
		807B317C265A9D5D00F63953 /* Frameworks */ = {
			isa = PBXFrameworksBuildPhase;
			buildActionMask = 2147483647;
			files = (
			);
			runOnlyForDeploymentPostprocessing = 0;
		};
/* End PBXFrameworksBuildPhase section */

/* Begin PBXGroup section */
		807B3176265A9D5C00F63953 = {
			isa = PBXGroup;
			children = (
				807B3181265A9D5D00F63953 /* InterfacePrototyping */,
				807B3180265A9D5D00F63953 /* Products */,
			);
			sourceTree = "<group>";
		};
		807B3180265A9D5D00F63953 /* Products */ = {
			isa = PBXGroup;
			children = (
				807B317F265A9D5D00F63953 /* InterfacePrototyping.app */,
			);
			name = Products;
			sourceTree = "<group>";
		};
		807B3181265A9D5D00F63953 /* InterfacePrototyping */ = {
			isa = PBXGroup;
			children = (
				807B319A265AB52600F63953 /* Model */,
				807B3182265A9D5D00F63953 /* InterfacePrototypingApp.swift */,
				807B3193265A9DF000F63953 /* ViewModel */,
				807B3196265AA10200F63953 /* View */,
				807B3197265AA74100F63953 /* Extension */,
				807B3192265A9D8B00F63953 /* System32 */,
			);
			path = InterfacePrototyping;
			sourceTree = "<group>";
		};
		807B3188265A9D6200F63953 /* Preview Content */ = {
			isa = PBXGroup;
			children = (
				807B3189265A9D6200F63953 /* Preview Assets.xcassets */,
			);
			path = "Preview Content";
			sourceTree = "<group>";
		};
		807B3192265A9D8B00F63953 /* System32 */ = {
			isa = PBXGroup;
			children = (
				807B3186265A9D6200F63953 /* Assets.xcassets */,
				807B318B265A9D6200F63953 /* Info.plist */,
				807B3188265A9D6200F63953 /* Preview Content */,
			);
			path = System32;
			sourceTree = "<group>";
		};
		807B3193265A9DF000F63953 /* ViewModel */ = {
			isa = PBXGroup;
			children = (
				807B3194265A9E6700F63953 /* IPrototypeDoc.swift */,
			);
			path = ViewModel;
			sourceTree = "<group>";
		};
		807B3196265AA10200F63953 /* View */ = {
			isa = PBXGroup;
			children = (
				807B3184265A9D5D00F63953 /* IPrototypeDocView.swift */,
			);
			path = View;
			sourceTree = "<group>";
		};
		807B3197265AA74100F63953 /* Extension */ = {
			isa = PBXGroup;
			children = (
				807B3198265AA76F00F63953 /* String.swift */,
			);
			path = Extension;
			sourceTree = "<group>";
		};
		807B319A265AB52600F63953 /* Model */ = {
			isa = PBXGroup;
			children = (
				807B319B265AB58600F63953 /* Prototype.swift */,
			);
			path = Model;
			sourceTree = "<group>";
		};
/* End PBXGroup section */

/* Begin PBXNativeTarget section */
		807B317E265A9D5D00F63953 /* InterfacePrototyping */ = {
			isa = PBXNativeTarget;
			buildConfigurationList = 807B318E265A9D6200F63953 /* Build configuration list for PBXNativeTarget "InterfacePrototyping" */;
			buildPhases = (
				807B317B265A9D5D00F63953 /* Sources */,
				807B317C265A9D5D00F63953 /* Frameworks */,
				807B317D265A9D5D00F63953 /* Resources */,
			);
			buildRules = (
			);
			dependencies = (
			);
			name = InterfacePrototyping;
			productName = InterfacePrototyping;
			productReference = 807B317F265A9D5D00F63953 /* InterfacePrototyping.app */;
			productType = "com.apple.product-type.application";
		};
/* End PBXNativeTarget section */

/* Begin PBXProject section */
		807B3177265A9D5C00F63953 /* Project object */ = {
			isa = PBXProject;
			attributes = {
				LastSwiftUpdateCheck = 1250;
				LastUpgradeCheck = 1250;
				TargetAttributes = {
					807B317E265A9D5D00F63953 = {
						CreatedOnToolsVersion = 12.5;
					};
				};
			};
			buildConfigurationList = 807B317A265A9D5C00F63953 /* Build configuration list for PBXProject "InterfacePrototyping" */;
			compatibilityVersion = "Xcode 9.3";
			developmentRegion = en;
			hasScannedForEncodings = 0;
			knownRegions = (
				en,
				Base,
			);
			mainGroup = 807B3176265A9D5C00F63953;
			productRefGroup = 807B3180265A9D5D00F63953 /* Products */;
			projectDirPath = "";
			projectRoot = "";
			targets = (
				807B317E265A9D5D00F63953 /* InterfacePrototyping */,
			);
		};
/* End PBXProject section */

/* Begin PBXResourcesBuildPhase section */
		807B317D265A9D5D00F63953 /* Resources */ = {
			isa = PBXResourcesBuildPhase;
			buildActionMask = 2147483647;
			files = (
				807B318A265A9D6200F63953 /* Preview Assets.xcassets in Resources */,
				807B3187265A9D6200F63953 /* Assets.xcassets in Resources */,
			);
			runOnlyForDeploymentPostprocessing = 0;
		};
/* End PBXResourcesBuildPhase section */

/* Begin PBXSourcesBuildPhase section */
		807B317B265A9D5D00F63953 /* Sources */ = {
			isa = PBXSourcesBuildPhase;
			buildActionMask = 2147483647;
			files = (
				807B3185265A9D5D00F63953 /* IPrototypeDocView.swift in Sources */,
				807B319C265AB58600F63953 /* Prototype.swift in Sources */,
				807B3195265A9E6700F63953 /* IPrototypeDoc.swift in Sources */,
				807B3199265AA76F00F63953 /* String.swift in Sources */,
				807B3183265A9D5D00F63953 /* InterfacePrototypingApp.swift in Sources */,
			);
			runOnlyForDeploymentPostprocessing = 0;
		};
/* End PBXSourcesBuildPhase section */

/* Begin XCBuildConfiguration section */
		807B318C265A9D6200F63953 /* Debug */ = {
			isa = XCBuildConfiguration;
			buildSettings = {
				ALWAYS_SEARCH_USER_PATHS = NO;
				CLANG_ANALYZER_NONNULL = YES;
				CLANG_ANALYZER_NUMBER_OBJECT_CONVERSION = YES_AGGRESSIVE;
				CLANG_CXX_LANGUAGE_STANDARD = "gnu++14";
				CLANG_CXX_LIBRARY = "libc++";
				CLANG_ENABLE_MODULES = YES;
				CLANG_ENABLE_OBJC_ARC = YES;
				CLANG_ENABLE_OBJC_WEAK = YES;
				CLANG_WARN_BLOCK_CAPTURE_AUTORELEASING = YES;
				CLANG_WARN_BOOL_CONVERSION = YES;
				CLANG_WARN_COMMA = YES;
				CLANG_WARN_CONSTANT_CONVERSION = YES;
				CLANG_WARN_DEPRECATED_OBJC_IMPLEMENTATIONS = YES;
				CLANG_WARN_DIRECT_OBJC_ISA_USAGE = YES_ERROR;
				CLANG_WARN_DOCUMENTATION_COMMENTS = YES;
				CLANG_WARN_EMPTY_BODY = YES;
				CLANG_WARN_ENUM_CONVERSION = YES;
				CLANG_WARN_INFINITE_RECURSION = YES;
				CLANG_WARN_INT_CONVERSION = YES;
				CLANG_WARN_NON_LITERAL_NULL_CONVERSION = YES;
				CLANG_WARN_OBJC_IMPLICIT_RETAIN_SELF = YES;
				CLANG_WARN_OBJC_LITERAL_CONVERSION = YES;
				CLANG_WARN_OBJC_ROOT_CLASS = YES_ERROR;
				CLANG_WARN_QUOTED_INCLUDE_IN_FRAMEWORK_HEADER = YES;
				CLANG_WARN_RANGE_LOOP_ANALYSIS = YES;
				CLANG_WARN_STRICT_PROTOTYPES = YES;
				CLANG_WARN_SUSPICIOUS_MOVE = YES;
				CLANG_WARN_UNGUARDED_AVAILABILITY = YES_AGGRESSIVE;
				CLANG_WARN_UNREACHABLE_CODE = YES;
				CLANG_WARN__DUPLICATE_METHOD_MATCH = YES;
				COPY_PHASE_STRIP = NO;
				DEBUG_INFORMATION_FORMAT = dwarf;
				ENABLE_STRICT_OBJC_MSGSEND = YES;
				ENABLE_TESTABILITY = YES;
				GCC_C_LANGUAGE_STANDARD = gnu11;
				GCC_DYNAMIC_NO_PIC = NO;
				GCC_NO_COMMON_BLOCKS = YES;
				GCC_OPTIMIZATION_LEVEL = 0;
				GCC_PREPROCESSOR_DEFINITIONS = (
					"DEBUG=1",
					"$(inherited)",
				);
				GCC_WARN_64_TO_32_BIT_CONVERSION = YES;
				GCC_WARN_ABOUT_RETURN_TYPE = YES_ERROR;
				GCC_WARN_UNDECLARED_SELECTOR = YES;
				GCC_WARN_UNINITIALIZED_AUTOS = YES_AGGRESSIVE;
				GCC_WARN_UNUSED_FUNCTION = YES;
				GCC_WARN_UNUSED_VARIABLE = YES;
				IPHONEOS_DEPLOYMENT_TARGET = 14.5;
				MTL_ENABLE_DEBUG_INFO = INCLUDE_SOURCE;
				MTL_FAST_MATH = YES;
				ONLY_ACTIVE_ARCH = YES;
				SDKROOT = iphoneos;
				SWIFT_ACTIVE_COMPILATION_CONDITIONS = DEBUG;
				SWIFT_OPTIMIZATION_LEVEL = "-Onone";
			};
			name = Debug;
		};
		807B318D265A9D6200F63953 /* Release */ = {
			isa = XCBuildConfiguration;
			buildSettings = {
				ALWAYS_SEARCH_USER_PATHS = NO;
				CLANG_ANALYZER_NONNULL = YES;
				CLANG_ANALYZER_NUMBER_OBJECT_CONVERSION = YES_AGGRESSIVE;
				CLANG_CXX_LANGUAGE_STANDARD = "gnu++14";
				CLANG_CXX_LIBRARY = "libc++";
				CLANG_ENABLE_MODULES = YES;
				CLANG_ENABLE_OBJC_ARC = YES;
				CLANG_ENABLE_OBJC_WEAK = YES;
				CLANG_WARN_BLOCK_CAPTURE_AUTORELEASING = YES;
				CLANG_WARN_BOOL_CONVERSION = YES;
				CLANG_WARN_COMMA = YES;
				CLANG_WARN_CONSTANT_CONVERSION = YES;
				CLANG_WARN_DEPRECATED_OBJC_IMPLEMENTATIONS = YES;
				CLANG_WARN_DIRECT_OBJC_ISA_USAGE = YES_ERROR;
				CLANG_WARN_DOCUMENTATION_COMMENTS = YES;
				CLANG_WARN_EMPTY_BODY = YES;
				CLANG_WARN_ENUM_CONVERSION = YES;
				CLANG_WARN_INFINITE_RECURSION = YES;
				CLANG_WARN_INT_CONVERSION = YES;
				CLANG_WARN_NON_LITERAL_NULL_CONVERSION = YES;
				CLANG_WARN_OBJC_IMPLICIT_RETAIN_SELF = YES;
				CLANG_WARN_OBJC_LITERAL_CONVERSION = YES;
				CLANG_WARN_OBJC_ROOT_CLASS = YES_ERROR;
				CLANG_WARN_QUOTED_INCLUDE_IN_FRAMEWORK_HEADER = YES;
				CLANG_WARN_RANGE_LOOP_ANALYSIS = YES;
				CLANG_WARN_STRICT_PROTOTYPES = YES;
				CLANG_WARN_SUSPICIOUS_MOVE = YES;
				CLANG_WARN_UNGUARDED_AVAILABILITY = YES_AGGRESSIVE;
				CLANG_WARN_UNREACHABLE_CODE = YES;
				CLANG_WARN__DUPLICATE_METHOD_MATCH = YES;
				COPY_PHASE_STRIP = NO;
				DEBUG_INFORMATION_FORMAT = "dwarf-with-dsym";
				ENABLE_NS_ASSERTIONS = NO;
				ENABLE_STRICT_OBJC_MSGSEND = YES;
				GCC_C_LANGUAGE_STANDARD = gnu11;
				GCC_NO_COMMON_BLOCKS = YES;
				GCC_WARN_64_TO_32_BIT_CONVERSION = YES;
				GCC_WARN_ABOUT_RETURN_TYPE = YES_ERROR;
				GCC_WARN_UNDECLARED_SELECTOR = YES;
				GCC_WARN_UNINITIALIZED_AUTOS = YES_AGGRESSIVE;
				GCC_WARN_UNUSED_FUNCTION = YES;
				GCC_WARN_UNUSED_VARIABLE = YES;
				IPHONEOS_DEPLOYMENT_TARGET = 14.5;
				MTL_ENABLE_DEBUG_INFO = NO;
				MTL_FAST_MATH = YES;
				SDKROOT = iphoneos;
				SWIFT_COMPILATION_MODE = wholemodule;
				SWIFT_OPTIMIZATION_LEVEL = "-O";
				VALIDATE_PRODUCT = YES;
			};
			name = Release;
		};
		807B318F265A9D6200F63953 /* Debug */ = {
			isa = XCBuildConfiguration;
			buildSettings = {
				ASSETCATALOG_COMPILER_APPICON_NAME = AppIcon;
				ASSETCATALOG_COMPILER_GLOBAL_ACCENT_COLOR_NAME = AccentColor;
				CODE_SIGN_STYLE = Automatic;
				DEVELOPMENT_ASSET_PATHS = "\"InterfacePrototyping/System32/Preview Content\"";
				DEVELOPMENT_TEAM = 879U287R5Q;
				ENABLE_PREVIEWS = YES;
				INFOPLIST_FILE = InterfacePrototyping/System32/Info.plist;
				IPHONEOS_DEPLOYMENT_TARGET = 14.0;
				LD_RUNPATH_SEARCH_PATHS = (
					"$(inherited)",
					"@executable_path/Frameworks",
				);
				PRODUCT_BUNDLE_IDENTIFIER = ihValery.InterfacePrototyping;
				PRODUCT_NAME = "$(TARGET_NAME)";
				SWIFT_VERSION = 5.0;
				TARGETED_DEVICE_FAMILY = "1,2";
			};
			name = Debug;
		};
		807B3190265A9D6200F63953 /* Release */ = {
			isa = XCBuildConfiguration;
			buildSettings = {
				ASSETCATALOG_COMPILER_APPICON_NAME = AppIcon;
				ASSETCATALOG_COMPILER_GLOBAL_ACCENT_COLOR_NAME = AccentColor;
				CODE_SIGN_STYLE = Automatic;
				DEVELOPMENT_ASSET_PATHS = "\"InterfacePrototyping/System32/Preview Content\"";
				DEVELOPMENT_TEAM = 879U287R5Q;
				ENABLE_PREVIEWS = YES;
				INFOPLIST_FILE = InterfacePrototyping/System32/Info.plist;
				IPHONEOS_DEPLOYMENT_TARGET = 14.0;
				LD_RUNPATH_SEARCH_PATHS = (
					"$(inherited)",
					"@executable_path/Frameworks",
				);
				PRODUCT_BUNDLE_IDENTIFIER = ihValery.InterfacePrototyping;
				PRODUCT_NAME = "$(TARGET_NAME)";
				SWIFT_VERSION = 5.0;
				TARGETED_DEVICE_FAMILY = "1,2";
			};
			name = Release;
		};
/* End XCBuildConfiguration section */

/* Begin XCConfigurationList section */
		807B317A265A9D5C00F63953 /* Build configuration list for PBXProject "InterfacePrototyping" */ = {
			isa = XCConfigurationList;
			buildConfigurations = (
				807B318C265A9D6200F63953 /* Debug */,
				807B318D265A9D6200F63953 /* Release */,
			);
			defaultConfigurationIsVisible = 0;
			defaultConfigurationName = Release;
		};
		807B318E265A9D6200F63953 /* Build configuration list for PBXNativeTarget "InterfacePrototyping" */ = {
			isa = XCConfigurationList;
			buildConfigurations = (
				807B318F265A9D6200F63953 /* Debug */,
				807B3190265A9D6200F63953 /* Release */,
			);
			defaultConfigurationIsVisible = 0;
			defaultConfigurationName = Release;
		};
/* End XCConfigurationList section */
	};
	rootObject = 807B3177265A9D5C00F63953 /* Project object */;
}
